// !$*UTF8*$!
{
	archiveVersion = 1;
	classes = {
	};
	objectVersion = 46;
	objects = {

/* Begin PBXBuildFile section */
		9F5D7F771A14EAC10052AC09 /* main.cpp in Sources */ = {isa = PBXBuildFile; fileRef = 9F5D7F761A14EAC10052AC09 /* main.cpp */; };
		9F5D7F7E1A14EBC50052AC09 /* libtbb.dylib in Frameworks */ = {isa = PBXBuildFile; fileRef = 9F5D7F7D1A14EBC50052AC09 /* libtbb.dylib */; };
		9F5D7F7F1A14EBE30052AC09 /* libtbb.dylib in CopyFiles */ = {isa = PBXBuildFile; fileRef = 9F5D7F7D1A14EBC50052AC09 /* libtbb.dylib */; };
		9F5D7F821A14F1710052AC09 /* langford_solver.cpp in Sources */ = {isa = PBXBuildFile; fileRef = 9F5D7F801A14F1710052AC09 /* langford_solver.cpp */; };
/* End PBXBuildFile section */

/* Begin PBXCopyFilesBuildPhase section */
		9F5D7F711A14EAC10052AC09 /* CopyFiles */ = {
			isa = PBXCopyFilesBuildPhase;
			buildActionMask = 12;
			dstPath = "";
			dstSubfolderSpec = 16;
			files = (
				9F5D7F7F1A14EBE30052AC09 /* libtbb.dylib in CopyFiles */,
			);
			runOnlyForDeploymentPostprocessing = 0;
		};
/* End PBXCopyFilesBuildPhase section */

/* Begin PBXFileReference section */
		9F5D7F731A14EAC10052AC09 /* langford_pairing */ = {isa = PBXFileReference; explicitFileType = "compiled.mach-o.executable"; includeInIndex = 0; path = langford_pairing; sourceTree = BUILT_PRODUCTS_DIR; };
		9F5D7F761A14EAC10052AC09 /* main.cpp */ = {isa = PBXFileReference; lastKnownFileType = sourcecode.cpp.cpp; path = main.cpp; sourceTree = "<group>"; };
		9F5D7F7D1A14EBC50052AC09 /* libtbb.dylib */ = {isa = PBXFileReference; lastKnownFileType = "compiled.mach-o.dylib"; name = libtbb.dylib; path = tbb43_20140724oss/lib/libtbb.dylib; sourceTree = "<group>"; };
		9F5D7F801A14F1710052AC09 /* langford_solver.cpp */ = {isa = PBXFileReference; fileEncoding = 4; lastKnownFileType = sourcecode.cpp.cpp; path = langford_solver.cpp; sourceTree = "<group>"; };
		9F5D7F811A14F1710052AC09 /* langford_solver.h */ = {isa = PBXFileReference; fileEncoding = 4; lastKnownFileType = sourcecode.c.h; path = langford_solver.h; sourceTree = "<group>"; };
/* End PBXFileReference section */

/* Begin PBXFrameworksBuildPhase section */
		9F5D7F701A14EAC10052AC09 /* Frameworks */ = {
			isa = PBXFrameworksBuildPhase;
			buildActionMask = 2147483647;
			files = (
				9F5D7F7E1A14EBC50052AC09 /* libtbb.dylib in Frameworks */,
			);
			runOnlyForDeploymentPostprocessing = 0;
		};
/* End PBXFrameworksBuildPhase section */

/* Begin PBXGroup section */
		9F5D7F6A1A14EAC10052AC09 = {
			isa = PBXGroup;
			children = (
				9F5D7F7D1A14EBC50052AC09 /* libtbb.dylib */,
				9F5D7F751A14EAC10052AC09 /* langford_pairing */,
				9F5D7F741A14EAC10052AC09 /* Products */,
			);
			sourceTree = "<group>";
		};
		9F5D7F741A14EAC10052AC09 /* Products */ = {
			isa = PBXGroup;
			children = (
				9F5D7F731A14EAC10052AC09 /* langford_pairing */,
			);
			name = Products;
			sourceTree = "<group>";
		};
		9F5D7F751A14EAC10052AC09 /* langford_pairing */ = {
			isa = PBXGroup;
			children = (
				9F5D7F761A14EAC10052AC09 /* main.cpp */,
				9F5D7F801A14F1710052AC09 /* langford_solver.cpp */,
				9F5D7F811A14F1710052AC09 /* langford_solver.h */,
			);
			path = langford_pairing;
			sourceTree = "<group>";
		};
/* End PBXGroup section */

/* Begin PBXNativeTarget section */
		9F5D7F721A14EAC10052AC09 /* langford_pairing */ = {
			isa = PBXNativeTarget;
			buildConfigurationList = 9F5D7F7A1A14EAC10052AC09 /* Build configuration list for PBXNativeTarget "langford_pairing" */;
			buildPhases = (
				9F5D7F6F1A14EAC10052AC09 /* Sources */,
				9F5D7F701A14EAC10052AC09 /* Frameworks */,
				9F5D7F711A14EAC10052AC09 /* CopyFiles */,
			);
			buildRules = (
			);
			dependencies = (
			);
			name = langford_pairing;
			productName = langford_pairing;
			productReference = 9F5D7F731A14EAC10052AC09 /* langford_pairing */;
			productType = "com.apple.product-type.tool";
		};
/* End PBXNativeTarget section */

/* Begin PBXProject section */
		9F5D7F6B1A14EAC10052AC09 /* Project object */ = {
			isa = PBXProject;
			attributes = {
				LastUpgradeCheck = 0600;
				ORGANIZATIONNAME = "Gerloff, Christian";
				TargetAttributes = {
					9F5D7F721A14EAC10052AC09 = {
						CreatedOnToolsVersion = 6.0.1;
					};
				};
			};
			buildConfigurationList = 9F5D7F6E1A14EAC10052AC09 /* Build configuration list for PBXProject "langford_pairing" */;
			compatibilityVersion = "Xcode 3.2";
			developmentRegion = English;
			hasScannedForEncodings = 0;
			knownRegions = (
				en,
			);
			mainGroup = 9F5D7F6A1A14EAC10052AC09;
			productRefGroup = 9F5D7F741A14EAC10052AC09 /* Products */;
			projectDirPath = "";
			projectRoot = "";
			targets = (
				9F5D7F721A14EAC10052AC09 /* langford_pairing */,
			);
		};
/* End PBXProject section */

/* Begin PBXSourcesBuildPhase section */
		9F5D7F6F1A14EAC10052AC09 /* Sources */ = {
			isa = PBXSourcesBuildPhase;
			buildActionMask = 2147483647;
			files = (
				9F5D7F771A14EAC10052AC09 /* main.cpp in Sources */,
				9F5D7F821A14F1710052AC09 /* langford_solver.cpp in Sources */,
			);
			runOnlyForDeploymentPostprocessing = 0;
		};
/* End PBXSourcesBuildPhase section */

/* Begin XCBuildConfiguration section */
		9F5D7F781A14EAC10052AC09 /* Debug */ = {
			isa = XCBuildConfiguration;
			buildSettings = {
				ALWAYS_SEARCH_USER_PATHS = NO;
				CLANG_CXX_LANGUAGE_STANDARD = "gnu++0x";
				CLANG_CXX_LIBRARY = "libc++";
				CLANG_ENABLE_MODULES = YES;
				CLANG_ENABLE_OBJC_ARC = YES;
				CLANG_WARN_BOOL_CONVERSION = YES;
				CLANG_WARN_CONSTANT_CONVERSION = YES;
				CLANG_WARN_DIRECT_OBJC_ISA_USAGE = YES_ERROR;
				CLANG_WARN_EMPTY_BODY = YES;
				CLANG_WARN_ENUM_CONVERSION = YES;
				CLANG_WARN_INT_CONVERSION = YES;
				CLANG_WARN_OBJC_ROOT_CLASS = YES_ERROR;
				CLANG_WARN_UNREACHABLE_CODE = YES;
				CLANG_WARN__DUPLICATE_METHOD_MATCH = YES;
				COPY_PHASE_STRIP = NO;
				ENABLE_STRICT_OBJC_MSGSEND = YES;
				GCC_C_LANGUAGE_STANDARD = gnu99;
				GCC_DYNAMIC_NO_PIC = NO;
				GCC_OPTIMIZATION_LEVEL = 0;
				GCC_PREPROCESSOR_DEFINITIONS = (
					"DEBUG=1",
					"$(inherited)",
				);
				GCC_SYMBOLS_PRIVATE_EXTERN = NO;
				GCC_WARN_64_TO_32_BIT_CONVERSION = YES;
				GCC_WARN_ABOUT_RETURN_TYPE = YES_ERROR;
				GCC_WARN_UNDECLARED_SELECTOR = YES;
				GCC_WARN_UNINITIALIZED_AUTOS = YES_AGGRESSIVE;
				GCC_WARN_UNUSED_FUNCTION = YES;
				GCC_WARN_UNUSED_VARIABLE = YES;
				MACOSX_DEPLOYMENT_TARGET = 10.9;
				MTL_ENABLE_DEBUG_INFO = YES;
				ONLY_ACTIVE_ARCH = YES;
				SDKROOT = macosx;
			};
			name = Debug;
		};
		9F5D7F791A14EAC10052AC09 /* Release */ = {
			isa = XCBuildConfiguration;
			buildSettings = {
				ALWAYS_SEARCH_USER_PATHS = NO;
				CLANG_CXX_LANGUAGE_STANDARD = "gnu++0x";
				CLANG_CXX_LIBRARY = "libc++";
				CLANG_ENABLE_MODULES = YES;
				CLANG_ENABLE_OBJC_ARC = YES;
				CLANG_WARN_BOOL_CONVERSION = YES;
				CLANG_WARN_CONSTANT_CONVERSION = YES;
				CLANG_WARN_DIRECT_OBJC_ISA_USAGE = YES_ERROR;
				CLANG_WARN_EMPTY_BODY = YES;
				CLANG_WARN_ENUM_CONVERSION = YES;
				CLANG_WARN_INT_CONVERSION = YES;
				CLANG_WARN_OBJC_ROOT_CLASS = YES_ERROR;
				CLANG_WARN_UNREACHABLE_CODE = YES;
				CLANG_WARN__DUPLICATE_METHOD_MATCH = YES;
				COPY_PHASE_STRIP = YES;
				DEBUG_INFORMATION_FORMAT = "dwarf-with-dsym";
				ENABLE_NS_ASSERTIONS = NO;
				ENABLE_STRICT_OBJC_MSGSEND = YES;
				GCC_C_LANGUAGE_STANDARD = gnu99;
				GCC_WARN_64_TO_32_BIT_CONVERSION = YES;
				GCC_WARN_ABOUT_RETURN_TYPE = YES_ERROR;
				GCC_WARN_UNDECLARED_SELECTOR = YES;
				GCC_WARN_UNINITIALIZED_AUTOS = YES_AGGRESSIVE;
				GCC_WARN_UNUSED_FUNCTION = YES;
				GCC_WARN_UNUSED_VARIABLE = YES;
				MACOSX_DEPLOYMENT_TARGET = 10.9;
				MTL_ENABLE_DEBUG_INFO = NO;
				SDKROOT = macosx;
			};
			name = Release;
		};
		9F5D7F7B1A14EAC10052AC09 /* Debug */ = {
			isa = XCBuildConfiguration;
			buildSettings = {
				LIBRARY_SEARCH_PATHS = "$(PROJECT_DIR)/tbb43_20140724oss/lib";
				PRODUCT_NAME = "$(TARGET_NAME)";
				USER_HEADER_SEARCH_PATHS = "$(PROJECT_DIR)/tbb43_20140724oss/include";
			};
			name = Debug;
		};
		9F5D7F7C1A14EAC10052AC09 /* Release */ = {
			isa = XCBuildConfiguration;
			buildSettings = {
				LIBRARY_SEARCH_PATHS = "$(PROJECT_DIR)/tbb43_20140724oss/lib";
				PRODUCT_NAME = "$(TARGET_NAME)";
				USER_HEADER_SEARCH_PATHS = "$(PROJECT_DIR)/tbb43_20140724oss/include";
			};
			name = Release;
		};
/* End XCBuildConfiguration section */

/* Begin XCConfigurationList section */
		9F5D7F6E1A14EAC10052AC09 /* Build configuration list for PBXProject "langford_pairing" */ = {
			isa = XCConfigurationList;
			buildConfigurations = (
				9F5D7F781A14EAC10052AC09 /* Debug */,
				9F5D7F791A14EAC10052AC09 /* Release */,
			);
			defaultConfigurationIsVisible = 0;
			defaultConfigurationName = Release;
		};
		9F5D7F7A1A14EAC10052AC09 /* Build configuration list for PBXNativeTarget "langford_pairing" */ = {
			isa = XCConfigurationList;
			buildConfigurations = (
				9F5D7F7B1A14EAC10052AC09 /* Debug */,
				9F5D7F7C1A14EAC10052AC09 /* Release */,
			);
			defaultConfigurationIsVisible = 0;
			defaultConfigurationName = Release;
		};
/* End XCConfigurationList section */
	};
	rootObject = 9F5D7F6B1A14EAC10052AC09 /* Project object */;
}
